
Microsoft Visual Studio Solution File, Format Version 12.00
# Visual Studio Version 17
VisualStudioVersion = 17.3.32804.467
MinimumVisualStudioVersion = 10.0.40219.1
Project("{FAE04EC0-301F-11D3-BF4B-00C04F79EFBC}") = "LendThingsAPI", "LendThingsAPI\LendThingsAPI.csproj", "{56704920-8B8A-4E75-987E-9AF74AECF58A}"
EndProject
Project("{FAE04EC0-301F-11D3-BF4B-00C04F79EFBC}") = "LendThingsAPI.Test", "LendThingsAPI.Test\LendThingsAPI.Test.csproj", "{989B0F31-880C-4F6B-953A-EF30870AE39D}"
	ProjectSection(ProjectDependencies) = postProject
		{56704920-8B8A-4E75-987E-9AF74AECF58A} = {56704920-8B8A-4E75-987E-9AF74AECF58A}
	EndProjectSection
EndProject
Global
	GlobalSection(SolutionConfigurationPlatforms) = preSolution
		Debug|Any CPU = Debug|Any CPU
		Release|Any CPU = Release|Any CPU
	EndGlobalSection
	GlobalSection(ProjectConfigurationPlatforms) = postSolution
		{56704920-8B8A-4E75-987E-9AF74AECF58A}.Debug|Any CPU.ActiveCfg = Debug|Any CPU
		{56704920-8B8A-4E75-987E-9AF74AECF58A}.Debug|Any CPU.Build.0 = Debug|Any CPU
		{56704920-8B8A-4E75-987E-9AF74AECF58A}.Release|Any CPU.ActiveCfg = Release|Any CPU
		{56704920-8B8A-4E75-987E-9AF74AECF58A}.Release|Any CPU.Build.0 = Release|Any CPU
		{989B0F31-880C-4F6B-953A-EF30870AE39D}.Debug|Any CPU.ActiveCfg = Debug|Any CPU
		{989B0F31-880C-4F6B-953A-EF30870AE39D}.Debug|Any CPU.Build.0 = Debug|Any CPU
		{989B0F31-880C-4F6B-953A-EF30870AE39D}.Release|Any CPU.ActiveCfg = Release|Any CPU
		{989B0F31-880C-4F6B-953A-EF30870AE39D}.Release|Any CPU.Build.0 = Release|Any CPU
	EndGlobalSection
	GlobalSection(SolutionProperties) = preSolution
		HideSolutionNode = FALSE
	EndGlobalSection
	GlobalSection(ExtensibilityGlobals) = postSolution
		SolutionGuid = {9787E03D-3E2F-4BF3-B031-85C31D499F3D}
	EndGlobalSection
EndGlobal
